PODS:
  - KFXCore (2.2.0)
  - KFXUtilities (2.4.0):
    - KFXCore

DEPENDENCIES:
  - KFXCore
  - KFXUtilities (from `../`)

SPEC REPOS:
  trunk:
    - KFXCore

EXTERNAL SOURCES:
  KFXUtilities:
    :path: "../"

SPEC CHECKSUMS:
  KFXCore: ac4ee93c47c41197933a52d3a6889fbf10ca3de2
  KFXUtilities: dbffa43651082400fa02a8f339f53aeab56c75d1

PODFILE CHECKSUM: 7a12a6b8d75bb2cd4a1541196ac82e28ab66b41d

COCOAPODS: 1.10.1
