PODS:
  - KFXAdditions (0.36.1)
  - KFXUtilities (1.1.0):
    - KFXAdditions

DEPENDENCIES:
  - KFXAdditions
  - KFXUtilities (from `../`)

EXTERNAL SOURCES:
  KFXUtilities:
    :path: "../"

SPEC CHECKSUMS:
  KFXAdditions: 49f337a016b7bcc10a43cbd26eb11308eedfe541
  KFXUtilities: 9d19f4eafc806b5c05f30fc8ac773a44ec357508

PODFILE CHECKSUM: c96ee7079c601e30070c913eca1c4b490cce184d

COCOAPODS: 1.2.1
